
Microsoft Visual Studio Solution File, Format Version 11.00
# Visual Studio 2010
Project("{FAE04EC0-301F-11D3-BF4B-00C04F79EFBC}") = "DCVJ_Lab01", "Assembly-CSharp-firstpass.csproj", "{5F42CBFB-4667-0D7A-70DB-2FAEED1FC693}"
EndProject
Project("{FAE04EC0-301F-11D3-BF4B-00C04F79EFBC}") = "DCVJ_Lab01", "Assembly-CSharp.csproj", "{BD3126D9-0520-6CBC-2248-6230BDA3AD58}"
EndProject
Project("{FAE04EC0-301F-11D3-BF4B-00C04F79EFBC}") = "DCVJ_Lab01", "Assembly-CSharp-Editor-firstpass.csproj", "{DF4ED7F1-C2C5-6326-43BC-04FE0D3658EC}"
EndProject
Global
	GlobalSection(SolutionConfigurationPlatforms) = preSolution
		Debug|Any CPU = Debug|Any CPU
		Release|Any CPU = Release|Any CPU
	EndGlobalSection
	GlobalSection(ProjectConfigurationPlatforms) = postSolution
		{5F42CBFB-4667-0D7A-70DB-2FAEED1FC693}.Debug|Any CPU.ActiveCfg = Debug|Any CPU
		{5F42CBFB-4667-0D7A-70DB-2FAEED1FC693}.Debug|Any CPU.Build.0 = Debug|Any CPU
		{5F42CBFB-4667-0D7A-70DB-2FAEED1FC693}.Release|Any CPU.ActiveCfg = Release|Any CPU
		{5F42CBFB-4667-0D7A-70DB-2FAEED1FC693}.Release|Any CPU.Build.0 = Release|Any CPU
		{BD3126D9-0520-6CBC-2248-6230BDA3AD58}.Debug|Any CPU.ActiveCfg = Debug|Any CPU
		{BD3126D9-0520-6CBC-2248-6230BDA3AD58}.Debug|Any CPU.Build.0 = Debug|Any CPU
		{BD3126D9-0520-6CBC-2248-6230BDA3AD58}.Release|Any CPU.ActiveCfg = Release|Any CPU
		{BD3126D9-0520-6CBC-2248-6230BDA3AD58}.Release|Any CPU.Build.0 = Release|Any CPU
		{DF4ED7F1-C2C5-6326-43BC-04FE0D3658EC}.Debug|Any CPU.ActiveCfg = Debug|Any CPU
		{DF4ED7F1-C2C5-6326-43BC-04FE0D3658EC}.Debug|Any CPU.Build.0 = Debug|Any CPU
		{DF4ED7F1-C2C5-6326-43BC-04FE0D3658EC}.Release|Any CPU.ActiveCfg = Release|Any CPU
		{DF4ED7F1-C2C5-6326-43BC-04FE0D3658EC}.Release|Any CPU.Build.0 = Release|Any CPU
	EndGlobalSection
	GlobalSection(SolutionProperties) = preSolution
		HideSolutionNode = FALSE
	EndGlobalSection
	GlobalSection(MonoDevelopProperties) = preSolution
		StartupItem = Assembly-CSharp.csproj
	EndGlobalSection
EndGlobal
